
Microsoft Visual Studio Solution File, Format Version 10.00
# Visual Studio 2008
Project("{FAE04EC0-301F-11D3-BF4B-00C04F79EFBC}") = "RobotCtrl", "RobotCtrl\RobotCtrl.csproj", "{62901C2B-AF62-44CD-A770-D6738FF4F126}"
EndProject
Project("{FAE04EC0-301F-11D3-BF4B-00C04F79EFBC}") = "RobotView", "RobotView\RobotView.csproj", "{38E7D961-0339-491C-A78E-3CAC0DC17FED}"
EndProject
Project("{FAE04EC0-301F-11D3-BF4B-00C04F79EFBC}") = "TestConsoleCE", "TestConsoleCE\TestConsoleCE.csproj", "{C87E8B22-E719-4120-9244-BA60FC394E93}"
EndProject
Project("{FAE04EC0-301F-11D3-BF4B-00C04F79EFBC}") = "TestConsoleWin7", "TestConsoleWin7\TestConsoleWin7.csproj", "{E1CAED70-1342-4801-A01A-5192D5D5B679}"
EndProject
Project("{FAE04EC0-301F-11D3-BF4B-00C04F79EFBC}") = "RobotIO", "RobotIO\RobotIO.csproj", "{DE5E5F68-ECE5-4773-AF67-E55F75A9E21A}"
EndProject
Project("{FAE04EC0-301F-11D3-BF4B-00C04F79EFBC}") = "TestMotorWin7", "TestMotorWin7\TestMotorWin7.csproj", "{E8863164-92D7-4A53-86AD-FD7177B95EDA}"
EndProject
Project("{FAE04EC0-301F-11D3-BF4B-00C04F79EFBC}") = "TestMotorCE", "TestMotorCE\TestMotorCE.csproj", "{D0E36162-1A58-489F-B0AC-E3B9CA171CAF}"
EndProject
Project("{FAE04EC0-301F-11D3-BF4B-00C04F79EFBC}") = "TestDriveCE", "TestDriveCE\TestDriveCE.csproj", "{60C64117-6CAD-4C32-85E1-3AF573DDBB3C}"
EndProject
Project("{FAE04EC0-301F-11D3-BF4B-00C04F79EFBC}") = "TestDriveWin7", "TestDriveWin7\TestDriveWin7.csproj", "{7B6AFD92-14C2-4E06-A303-3D3A8E680F42}"
EndProject
Project("{FAE04EC0-301F-11D3-BF4B-00C04F79EFBC}") = "TestWorldCE", "TestWorldCE\TestWorldCE.csproj", "{6C18B7E8-5F14-4D59-ADA6-0E51562A8D3D}"
EndProject
Project("{FAE04EC0-301F-11D3-BF4B-00C04F79EFBC}") = "TestWorldWin7", "TestWorldWin7\TestWorldWin7.csproj", "{19E6DA8F-65D6-473D-A590-08C9DC4EF849}"
EndProject
<<<<<<< HEAD
Project("{FAE04EC0-301F-11D3-BF4B-00C04F79EFBC}") = "BluetoothClient", "BluetoothClient\BluetoothClient.csproj", "{A7580308-DA2A-49E3-9EB5-366158D3B563}"
=======
Project("{2150E333-8FDC-42A3-9474-1A3956D46DE8}") = "HTTP", "HTTP", "{9AB741FD-78B6-4CC6-B517-0238DE880E37}"
	ProjectSection(SolutionItems) = preProject
		SmartDeviceTestRun.testrunConfig = SmartDeviceTestRun.testrunConfig
	EndProjectSection
EndProject
Project("{FAE04EC0-301F-11D3-BF4B-00C04F79EFBC}") = "ServerPattern", "HTTP\ServerPattern\ServerPattern.csproj", "{F3F25C7E-F348-4924-BDB9-73BD2DAC416E}"
EndProject
Project("{FAE04EC0-301F-11D3-BF4B-00C04F79EFBC}") = "Executor", "HTTP\Executor\Executor.csproj", "{F479BA25-B3B5-44F5-ADD2-95E607303CAB}"
EndProject
Project("{FAE04EC0-301F-11D3-BF4B-00C04F79EFBC}") = "Http", "HTTP\Http\Http.csproj", "{BE6F8B8C-B279-4B59-87E6-B767BC5E5F6C}"
EndProject
Project("{2150E333-8FDC-42A3-9474-1A3956D46DE8}") = "Bluetooth", "Bluetooth", "{EC579B15-B61E-477F-A8A2-3D022BEDF415}"
EndProject
Project("{FAE04EC0-301F-11D3-BF4B-00C04F79EFBC}") = "BTServer", "Bluetooth\BTServer\BTServer.csproj", "{24BF7276-3C8C-4CED-9247-4A5B9AFB18D5}"
EndProject
Project("{2150E333-8FDC-42A3-9474-1A3956D46DE8}") = "Server", "Server", "{4CD32759-0555-4DA6-A669-618CAC095C21}"
EndProject
Project("{FAE04EC0-301F-11D3-BF4B-00C04F79EFBC}") = "RobotDriveProtocol", "RobotDriveProtocol\RobotDriveProtocol.csproj", "{193AE1D1-3DAF-45A2-A466-A8D4D2E35E6F}"
EndProject
Project("{FAE04EC0-301F-11D3-BF4B-00C04F79EFBC}") = "CommandInterpreter", "CommandInterpreter\CommandInterpreter.csproj", "{434E1DB4-D897-4123-9B7E-D88CCAD2D082}"
EndProject
Project("{FAE04EC0-301F-11D3-BF4B-00C04F79EFBC}") = "CommandInterpreterTest", "CommandInterpreterTest\CommandInterpreterTest.csproj", "{A2F3D0B8-DFD8-49CB-ABC9-F2B54837FA65}"
EndProject
Project("{2150E333-8FDC-42A3-9474-1A3956D46DE8}") = "Solution Items", "Solution Items", "{3B634F6B-E35A-4C59-9C5E-35F838FFF6FC}"
	ProjectSection(SolutionItems) = preProject
		Robot.vsmdi = Robot.vsmdi
	EndProjectSection
>>>>>>> 5dfd14210610209d0dae0e52b8c7e1968a8913f2
EndProject
Global
	GlobalSection(TestCaseManagementSettings) = postSolution
		CategoryFile = Robot.vsmdi
	EndGlobalSection
	GlobalSection(SolutionConfigurationPlatforms) = preSolution
		Debug|Any CPU = Debug|Any CPU
		Release|Any CPU = Release|Any CPU
	EndGlobalSection
	GlobalSection(ProjectConfigurationPlatforms) = postSolution
		{62901C2B-AF62-44CD-A770-D6738FF4F126}.Debug|Any CPU.ActiveCfg = Debug|Any CPU
		{62901C2B-AF62-44CD-A770-D6738FF4F126}.Debug|Any CPU.Build.0 = Debug|Any CPU
		{62901C2B-AF62-44CD-A770-D6738FF4F126}.Release|Any CPU.ActiveCfg = Release|Any CPU
		{62901C2B-AF62-44CD-A770-D6738FF4F126}.Release|Any CPU.Build.0 = Release|Any CPU
		{38E7D961-0339-491C-A78E-3CAC0DC17FED}.Debug|Any CPU.ActiveCfg = Debug|Any CPU
		{38E7D961-0339-491C-A78E-3CAC0DC17FED}.Debug|Any CPU.Build.0 = Debug|Any CPU
		{38E7D961-0339-491C-A78E-3CAC0DC17FED}.Release|Any CPU.ActiveCfg = Release|Any CPU
		{38E7D961-0339-491C-A78E-3CAC0DC17FED}.Release|Any CPU.Build.0 = Release|Any CPU
		{C87E8B22-E719-4120-9244-BA60FC394E93}.Debug|Any CPU.ActiveCfg = Debug|Any CPU
		{C87E8B22-E719-4120-9244-BA60FC394E93}.Debug|Any CPU.Build.0 = Debug|Any CPU
		{C87E8B22-E719-4120-9244-BA60FC394E93}.Debug|Any CPU.Deploy.0 = Debug|Any CPU
		{C87E8B22-E719-4120-9244-BA60FC394E93}.Release|Any CPU.ActiveCfg = Release|Any CPU
		{C87E8B22-E719-4120-9244-BA60FC394E93}.Release|Any CPU.Build.0 = Release|Any CPU
		{C87E8B22-E719-4120-9244-BA60FC394E93}.Release|Any CPU.Deploy.0 = Release|Any CPU
		{E1CAED70-1342-4801-A01A-5192D5D5B679}.Debug|Any CPU.ActiveCfg = Debug|Any CPU
		{E1CAED70-1342-4801-A01A-5192D5D5B679}.Debug|Any CPU.Build.0 = Debug|Any CPU
		{E1CAED70-1342-4801-A01A-5192D5D5B679}.Release|Any CPU.ActiveCfg = Release|Any CPU
		{E1CAED70-1342-4801-A01A-5192D5D5B679}.Release|Any CPU.Build.0 = Release|Any CPU
		{DE5E5F68-ECE5-4773-AF67-E55F75A9E21A}.Debug|Any CPU.ActiveCfg = Debug|Any CPU
		{DE5E5F68-ECE5-4773-AF67-E55F75A9E21A}.Debug|Any CPU.Build.0 = Debug|Any CPU
		{DE5E5F68-ECE5-4773-AF67-E55F75A9E21A}.Release|Any CPU.ActiveCfg = Release|Any CPU
		{DE5E5F68-ECE5-4773-AF67-E55F75A9E21A}.Release|Any CPU.Build.0 = Release|Any CPU
		{E8863164-92D7-4A53-86AD-FD7177B95EDA}.Debug|Any CPU.ActiveCfg = Debug|Any CPU
		{E8863164-92D7-4A53-86AD-FD7177B95EDA}.Debug|Any CPU.Build.0 = Debug|Any CPU
		{E8863164-92D7-4A53-86AD-FD7177B95EDA}.Release|Any CPU.ActiveCfg = Release|Any CPU
		{E8863164-92D7-4A53-86AD-FD7177B95EDA}.Release|Any CPU.Build.0 = Release|Any CPU
		{D0E36162-1A58-489F-B0AC-E3B9CA171CAF}.Debug|Any CPU.ActiveCfg = Debug|Any CPU
		{D0E36162-1A58-489F-B0AC-E3B9CA171CAF}.Debug|Any CPU.Build.0 = Debug|Any CPU
		{D0E36162-1A58-489F-B0AC-E3B9CA171CAF}.Debug|Any CPU.Deploy.0 = Debug|Any CPU
		{D0E36162-1A58-489F-B0AC-E3B9CA171CAF}.Release|Any CPU.ActiveCfg = Release|Any CPU
		{D0E36162-1A58-489F-B0AC-E3B9CA171CAF}.Release|Any CPU.Build.0 = Release|Any CPU
		{D0E36162-1A58-489F-B0AC-E3B9CA171CAF}.Release|Any CPU.Deploy.0 = Release|Any CPU
		{60C64117-6CAD-4C32-85E1-3AF573DDBB3C}.Debug|Any CPU.ActiveCfg = Debug|Any CPU
		{60C64117-6CAD-4C32-85E1-3AF573DDBB3C}.Debug|Any CPU.Build.0 = Debug|Any CPU
		{60C64117-6CAD-4C32-85E1-3AF573DDBB3C}.Debug|Any CPU.Deploy.0 = Debug|Any CPU
		{60C64117-6CAD-4C32-85E1-3AF573DDBB3C}.Release|Any CPU.ActiveCfg = Release|Any CPU
		{60C64117-6CAD-4C32-85E1-3AF573DDBB3C}.Release|Any CPU.Build.0 = Release|Any CPU
		{60C64117-6CAD-4C32-85E1-3AF573DDBB3C}.Release|Any CPU.Deploy.0 = Release|Any CPU
		{7B6AFD92-14C2-4E06-A303-3D3A8E680F42}.Debug|Any CPU.ActiveCfg = Debug|Any CPU
		{7B6AFD92-14C2-4E06-A303-3D3A8E680F42}.Debug|Any CPU.Build.0 = Debug|Any CPU
		{7B6AFD92-14C2-4E06-A303-3D3A8E680F42}.Release|Any CPU.ActiveCfg = Release|Any CPU
		{7B6AFD92-14C2-4E06-A303-3D3A8E680F42}.Release|Any CPU.Build.0 = Release|Any CPU
		{6C18B7E8-5F14-4D59-ADA6-0E51562A8D3D}.Debug|Any CPU.ActiveCfg = Debug|Any CPU
		{6C18B7E8-5F14-4D59-ADA6-0E51562A8D3D}.Debug|Any CPU.Build.0 = Debug|Any CPU
		{6C18B7E8-5F14-4D59-ADA6-0E51562A8D3D}.Debug|Any CPU.Deploy.0 = Debug|Any CPU
		{6C18B7E8-5F14-4D59-ADA6-0E51562A8D3D}.Release|Any CPU.ActiveCfg = Release|Any CPU
		{6C18B7E8-5F14-4D59-ADA6-0E51562A8D3D}.Release|Any CPU.Build.0 = Release|Any CPU
		{6C18B7E8-5F14-4D59-ADA6-0E51562A8D3D}.Release|Any CPU.Deploy.0 = Release|Any CPU
		{19E6DA8F-65D6-473D-A590-08C9DC4EF849}.Debug|Any CPU.ActiveCfg = Debug|Any CPU
		{19E6DA8F-65D6-473D-A590-08C9DC4EF849}.Debug|Any CPU.Build.0 = Debug|Any CPU
		{19E6DA8F-65D6-473D-A590-08C9DC4EF849}.Release|Any CPU.ActiveCfg = Release|Any CPU
		{19E6DA8F-65D6-473D-A590-08C9DC4EF849}.Release|Any CPU.Build.0 = Release|Any CPU
<<<<<<< HEAD
		{A7580308-DA2A-49E3-9EB5-366158D3B563}.Debug|Any CPU.ActiveCfg = Debug|Any CPU
		{A7580308-DA2A-49E3-9EB5-366158D3B563}.Debug|Any CPU.Build.0 = Debug|Any CPU
		{A7580308-DA2A-49E3-9EB5-366158D3B563}.Release|Any CPU.ActiveCfg = Release|Any CPU
		{A7580308-DA2A-49E3-9EB5-366158D3B563}.Release|Any CPU.Build.0 = Release|Any CPU
=======
		{F3F25C7E-F348-4924-BDB9-73BD2DAC416E}.Debug|Any CPU.ActiveCfg = Debug|Any CPU
		{F3F25C7E-F348-4924-BDB9-73BD2DAC416E}.Debug|Any CPU.Build.0 = Debug|Any CPU
		{F3F25C7E-F348-4924-BDB9-73BD2DAC416E}.Release|Any CPU.ActiveCfg = Release|Any CPU
		{F3F25C7E-F348-4924-BDB9-73BD2DAC416E}.Release|Any CPU.Build.0 = Release|Any CPU
		{F479BA25-B3B5-44F5-ADD2-95E607303CAB}.Debug|Any CPU.ActiveCfg = Debug|Any CPU
		{F479BA25-B3B5-44F5-ADD2-95E607303CAB}.Debug|Any CPU.Build.0 = Debug|Any CPU
		{F479BA25-B3B5-44F5-ADD2-95E607303CAB}.Release|Any CPU.ActiveCfg = Release|Any CPU
		{F479BA25-B3B5-44F5-ADD2-95E607303CAB}.Release|Any CPU.Build.0 = Release|Any CPU
		{BE6F8B8C-B279-4B59-87E6-B767BC5E5F6C}.Debug|Any CPU.ActiveCfg = Debug|Any CPU
		{BE6F8B8C-B279-4B59-87E6-B767BC5E5F6C}.Debug|Any CPU.Build.0 = Debug|Any CPU
		{BE6F8B8C-B279-4B59-87E6-B767BC5E5F6C}.Debug|Any CPU.Deploy.0 = Debug|Any CPU
		{BE6F8B8C-B279-4B59-87E6-B767BC5E5F6C}.Release|Any CPU.ActiveCfg = Release|Any CPU
		{BE6F8B8C-B279-4B59-87E6-B767BC5E5F6C}.Release|Any CPU.Build.0 = Release|Any CPU
		{BE6F8B8C-B279-4B59-87E6-B767BC5E5F6C}.Release|Any CPU.Deploy.0 = Release|Any CPU
		{24BF7276-3C8C-4CED-9247-4A5B9AFB18D5}.Debug|Any CPU.ActiveCfg = Debug|Any CPU
		{24BF7276-3C8C-4CED-9247-4A5B9AFB18D5}.Debug|Any CPU.Build.0 = Debug|Any CPU
		{24BF7276-3C8C-4CED-9247-4A5B9AFB18D5}.Release|Any CPU.ActiveCfg = Release|Any CPU
		{24BF7276-3C8C-4CED-9247-4A5B9AFB18D5}.Release|Any CPU.Build.0 = Release|Any CPU
		{193AE1D1-3DAF-45A2-A466-A8D4D2E35E6F}.Debug|Any CPU.ActiveCfg = Debug|Any CPU
		{193AE1D1-3DAF-45A2-A466-A8D4D2E35E6F}.Debug|Any CPU.Build.0 = Debug|Any CPU
		{193AE1D1-3DAF-45A2-A466-A8D4D2E35E6F}.Release|Any CPU.ActiveCfg = Release|Any CPU
		{193AE1D1-3DAF-45A2-A466-A8D4D2E35E6F}.Release|Any CPU.Build.0 = Release|Any CPU
		{434E1DB4-D897-4123-9B7E-D88CCAD2D082}.Debug|Any CPU.ActiveCfg = Debug|Any CPU
		{434E1DB4-D897-4123-9B7E-D88CCAD2D082}.Debug|Any CPU.Build.0 = Debug|Any CPU
		{434E1DB4-D897-4123-9B7E-D88CCAD2D082}.Release|Any CPU.ActiveCfg = Release|Any CPU
		{434E1DB4-D897-4123-9B7E-D88CCAD2D082}.Release|Any CPU.Build.0 = Release|Any CPU
		{A2F3D0B8-DFD8-49CB-ABC9-F2B54837FA65}.Debug|Any CPU.ActiveCfg = Debug|Any CPU
		{A2F3D0B8-DFD8-49CB-ABC9-F2B54837FA65}.Debug|Any CPU.Build.0 = Debug|Any CPU
		{A2F3D0B8-DFD8-49CB-ABC9-F2B54837FA65}.Release|Any CPU.ActiveCfg = Release|Any CPU
		{A2F3D0B8-DFD8-49CB-ABC9-F2B54837FA65}.Release|Any CPU.Build.0 = Release|Any CPU
>>>>>>> 5dfd14210610209d0dae0e52b8c7e1968a8913f2
	EndGlobalSection
	GlobalSection(SolutionProperties) = preSolution
		HideSolutionNode = FALSE
	EndGlobalSection
	GlobalSection(NestedProjects) = preSolution
		{BE6F8B8C-B279-4B59-87E6-B767BC5E5F6C} = {9AB741FD-78B6-4CC6-B517-0238DE880E37}
		{F479BA25-B3B5-44F5-ADD2-95E607303CAB} = {4CD32759-0555-4DA6-A669-618CAC095C21}
		{F3F25C7E-F348-4924-BDB9-73BD2DAC416E} = {4CD32759-0555-4DA6-A669-618CAC095C21}
		{193AE1D1-3DAF-45A2-A466-A8D4D2E35E6F} = {4CD32759-0555-4DA6-A669-618CAC095C21}
		{434E1DB4-D897-4123-9B7E-D88CCAD2D082} = {4CD32759-0555-4DA6-A669-618CAC095C21}
		{24BF7276-3C8C-4CED-9247-4A5B9AFB18D5} = {EC579B15-B61E-477F-A8A2-3D022BEDF415}
	EndGlobalSection
EndGlobal
